PODS:
  - RHBOrientationObjC (0.1.0)

DEPENDENCIES:
  - RHBOrientationObjC (from `../`)

EXTERNAL SOURCES:
  RHBOrientationObjC:
    :path: ../

SPEC CHECKSUMS:
  RHBOrientationObjC: a9bcc9c1218d7638542e228d5df668ad2d8c3b2c

PODFILE CHECKSUM: fd178ae424f965e4041f29b00afd82b5ae76de22

COCOAPODS: 1.0.0
