PODS:
  - RHBOrientationObjC (0.1.1)

DEPENDENCIES:
  - RHBOrientationObjC (from `../`)

EXTERNAL SOURCES:
  RHBOrientationObjC:
    :path: ../

SPEC CHECKSUMS:
  RHBOrientationObjC: 4d41af499006e1a9d9957abef6bdf458a06239a3

PODFILE CHECKSUM: fd178ae424f965e4041f29b00afd82b5ae76de22

COCOAPODS: 1.0.0
