PODS:
  - RHBOrientationObjC (0.1.2)

DEPENDENCIES:
  - RHBOrientationObjC (from `../`)

EXTERNAL SOURCES:
  RHBOrientationObjC:
    :path: ../

SPEC CHECKSUMS:
  RHBOrientationObjC: af9af2dc8a901f227b2b063be67922dcc83744eb

PODFILE CHECKSUM: fd178ae424f965e4041f29b00afd82b5ae76de22

COCOAPODS: 1.0.0
